// !$*UTF8*$!
{
	archiveVersion = 1;
	classes = {
	};
	objectVersion = 56;
	objects = {

/* Begin PBXBuildFile section */
		65155CC0291D0B9900E51A64 /* AppDelegate.swift in Sources */ = {isa = PBXBuildFile; fileRef = 65155CBF291D0B9900E51A64 /* AppDelegate.swift */; };
		65155CC4291D0B9900E51A64 /* ViewController.swift in Sources */ = {isa = PBXBuildFile; fileRef = 65155CC3291D0B9900E51A64 /* ViewController.swift */; };
		65155CC9291D0B9A00E51A64 /* Assets.xcassets in Resources */ = {isa = PBXBuildFile; fileRef = 65155CC8291D0B9A00E51A64 /* Assets.xcassets */; };
		651894B7291F9EEB00B7543C /* ImageViewController.swift in Sources */ = {isa = PBXBuildFile; fileRef = 651894B6291F9EEB00B7543C /* ImageViewController.swift */; };
		65D3591E291D2C970059D4CC /* signalsView.swift in Sources */ = {isa = PBXBuildFile; fileRef = 65D3591D291D2C970059D4CC /* signalsView.swift */; };
		65D35920291D54E20059D4CC /* UIButton.swift in Sources */ = {isa = PBXBuildFile; fileRef = 65D3591F291D54E20059D4CC /* UIButton.swift */; };
		65EB3A50292249A500DD372C /* gitignore in Resources */ = {isa = PBXBuildFile; fileRef = 65EB3A4F292249A500DD372C /* gitignore */; };
/* End PBXBuildFile section */

/* Begin PBXFileReference section */
		65155CBC291D0B9900E51A64 /* GrandCentralDispach.app */ = {isa = PBXFileReference; explicitFileType = wrapper.application; includeInIndex = 0; path = GrandCentralDispach.app; sourceTree = BUILT_PRODUCTS_DIR; };
		65155CBF291D0B9900E51A64 /* AppDelegate.swift */ = {isa = PBXFileReference; lastKnownFileType = sourcecode.swift; path = AppDelegate.swift; sourceTree = "<group>"; };
		65155CC3291D0B9900E51A64 /* ViewController.swift */ = {isa = PBXFileReference; lastKnownFileType = sourcecode.swift; path = ViewController.swift; sourceTree = "<group>"; };
		65155CC8291D0B9A00E51A64 /* Assets.xcassets */ = {isa = PBXFileReference; lastKnownFileType = folder.assetcatalog; path = Assets.xcassets; sourceTree = "<group>"; };
		65155CCD291D0B9A00E51A64 /* Info.plist */ = {isa = PBXFileReference; lastKnownFileType = text.plist.xml; path = Info.plist; sourceTree = "<group>"; };
		651894B6291F9EEB00B7543C /* ImageViewController.swift */ = {isa = PBXFileReference; lastKnownFileType = sourcecode.swift; path = ImageViewController.swift; sourceTree = "<group>"; };
		65D3591D291D2C970059D4CC /* signalsView.swift */ = {isa = PBXFileReference; lastKnownFileType = sourcecode.swift; path = signalsView.swift; sourceTree = "<group>"; };
		65D3591F291D54E20059D4CC /* UIButton.swift */ = {isa = PBXFileReference; lastKnownFileType = sourcecode.swift; path = UIButton.swift; sourceTree = "<group>"; };
		65EB3A4F292249A500DD372C /* gitignore */ = {isa = PBXFileReference; fileEncoding = 4; lastKnownFileType = text; name = gitignore; path = "../../../Library/Group Containers/group.com.apple.notes/tmp/HardLinkURLTemp/AB574DE4-D12F-4E6D-98C5-725CAAE6E7EE/1655247947/gitignore"; sourceTree = "<group>"; };
/* End PBXFileReference section */

/* Begin PBXFrameworksBuildPhase section */
		65155CB9291D0B9900E51A64 /* Frameworks */ = {
			isa = PBXFrameworksBuildPhase;
			buildActionMask = 2147483647;
			files = (
			);
			runOnlyForDeploymentPostprocessing = 0;
		};
/* End PBXFrameworksBuildPhase section */

/* Begin PBXGroup section */
		65155CB3291D0B9900E51A64 = {
			isa = PBXGroup;
			children = (
				65EB3A4F292249A500DD372C /* gitignore */,
				65155CBE291D0B9900E51A64 /* GrandCentralDispach */,
				65155CBD291D0B9900E51A64 /* Products */,
			);
			sourceTree = "<group>";
		};
		65155CBD291D0B9900E51A64 /* Products */ = {
			isa = PBXGroup;
			children = (
				65155CBC291D0B9900E51A64 /* GrandCentralDispach.app */,
			);
			name = Products;
			sourceTree = "<group>";
		};
		65155CBE291D0B9900E51A64 /* GrandCentralDispach */ = {
			isa = PBXGroup;
			children = (
				65B5F3E02921CB97005B6683 /* App */,
				65B5F3DF2921CA57005B6683 /* Resources */,
				65B5F3E22921CBBE005B6683 /* ViewControllers */,
				65B5F3E12921CBB6005B6683 /* UI */,
			);
			path = GrandCentralDispach;
			sourceTree = "<group>";
		};
		65B5F3DF2921CA57005B6683 /* Resources */ = {
			isa = PBXGroup;
			children = (
				65155CC8291D0B9A00E51A64 /* Assets.xcassets */,
			);
			path = Resources;
			sourceTree = "<group>";
		};
		65B5F3E02921CB97005B6683 /* App */ = {
			isa = PBXGroup;
			children = (
				65155CBF291D0B9900E51A64 /* AppDelegate.swift */,
				65155CCD291D0B9A00E51A64 /* Info.plist */,
			);
			path = App;
			sourceTree = "<group>";
		};
		65B5F3E12921CBB6005B6683 /* UI */ = {
			isa = PBXGroup;
			children = (
				65D3591D291D2C970059D4CC /* signalsView.swift */,
				65D3591F291D54E20059D4CC /* UIButton.swift */,
			);
			path = UI;
			sourceTree = "<group>";
		};
		65B5F3E22921CBBE005B6683 /* ViewControllers */ = {
			isa = PBXGroup;
			children = (
				65155CC3291D0B9900E51A64 /* ViewController.swift */,
				651894B6291F9EEB00B7543C /* ImageViewController.swift */,
			);
			path = ViewControllers;
			sourceTree = "<group>";
		};
/* End PBXGroup section */

/* Begin PBXNativeTarget section */
		65155CBB291D0B9900E51A64 /* GrandCentralDispach */ = {
			isa = PBXNativeTarget;
			buildConfigurationList = 65155CD0291D0B9A00E51A64 /* Build configuration list for PBXNativeTarget "GrandCentralDispach" */;
			buildPhases = (
				65155CB8291D0B9900E51A64 /* Sources */,
				65155CB9291D0B9900E51A64 /* Frameworks */,
				65155CBA291D0B9900E51A64 /* Resources */,
			);
			buildRules = (
			);
			dependencies = (
			);
			name = GrandCentralDispach;
			productName = GrandCentralDispach;
			productReference = 65155CBC291D0B9900E51A64 /* GrandCentralDispach.app */;
			productType = "com.apple.product-type.application";
		};
/* End PBXNativeTarget section */

/* Begin PBXProject section */
		65155CB4291D0B9900E51A64 /* Project object */ = {
			isa = PBXProject;
			attributes = {
				BuildIndependentTargetsInParallel = 1;
				LastSwiftUpdateCheck = 1410;
				LastUpgradeCheck = 1410;
				TargetAttributes = {
					65155CBB291D0B9900E51A64 = {
						CreatedOnToolsVersion = 14.1;
					};
				};
			};
			buildConfigurationList = 65155CB7291D0B9900E51A64 /* Build configuration list for PBXProject "GrandCentralDispach" */;
			compatibilityVersion = "Xcode 14.0";
			developmentRegion = en;
			hasScannedForEncodings = 0;
			knownRegions = (
				en,
				Base,
			);
			mainGroup = 65155CB3291D0B9900E51A64;
			productRefGroup = 65155CBD291D0B9900E51A64 /* Products */;
			projectDirPath = "";
			projectRoot = "";
			targets = (
				65155CBB291D0B9900E51A64 /* GrandCentralDispach */,
			);
		};
/* End PBXProject section */

/* Begin PBXResourcesBuildPhase section */
		65155CBA291D0B9900E51A64 /* Resources */ = {
			isa = PBXResourcesBuildPhase;
			buildActionMask = 2147483647;
			files = (
				65155CC9291D0B9A00E51A64 /* Assets.xcassets in Resources */,
				65EB3A50292249A500DD372C /* gitignore in Resources */,
			);
			runOnlyForDeploymentPostprocessing = 0;
		};
/* End PBXResourcesBuildPhase section */

/* Begin PBXSourcesBuildPhase section */
		65155CB8291D0B9900E51A64 /* Sources */ = {
			isa = PBXSourcesBuildPhase;
			buildActionMask = 2147483647;
			files = (
				65155CC4291D0B9900E51A64 /* ViewController.swift in Sources */,
				65D3591E291D2C970059D4CC /* signalsView.swift in Sources */,
				651894B7291F9EEB00B7543C /* ImageViewController.swift in Sources */,
				65155CC0291D0B9900E51A64 /* AppDelegate.swift in Sources */,
				65D35920291D54E20059D4CC /* UIButton.swift in Sources */,
			);
			runOnlyForDeploymentPostprocessing = 0;
		};
/* End PBXSourcesBuildPhase section */

/* Begin XCBuildConfiguration section */
		65155CCE291D0B9A00E51A64 /* Debug */ = {
			isa = XCBuildConfiguration;
			buildSettings = {
				ALWAYS_SEARCH_USER_PATHS = NO;
				CLANG_ANALYZER_NONNULL = YES;
				CLANG_ANALYZER_NUMBER_OBJECT_CONVERSION = YES_AGGRESSIVE;
				CLANG_CXX_LANGUAGE_STANDARD = "gnu++20";
				CLANG_ENABLE_MODULES = YES;
				CLANG_ENABLE_OBJC_ARC = YES;
				CLANG_ENABLE_OBJC_WEAK = YES;
				CLANG_WARN_BLOCK_CAPTURE_AUTORELEASING = YES;
				CLANG_WARN_BOOL_CONVERSION = YES;
				CLANG_WARN_COMMA = YES;
				CLANG_WARN_CONSTANT_CONVERSION = YES;
				CLANG_WARN_DEPRECATED_OBJC_IMPLEMENTATIONS = YES;
				CLANG_WARN_DIRECT_OBJC_ISA_USAGE = YES_ERROR;
				CLANG_WARN_DOCUMENTATION_COMMENTS = YES;
				CLANG_WARN_EMPTY_BODY = YES;
				CLANG_WARN_ENUM_CONVERSION = YES;
				CLANG_WARN_INFINITE_RECURSION = YES;
				CLANG_WARN_INT_CONVERSION = YES;
				CLANG_WARN_NON_LITERAL_NULL_CONVERSION = YES;
				CLANG_WARN_OBJC_IMPLICIT_RETAIN_SELF = YES;
				CLANG_WARN_OBJC_LITERAL_CONVERSION = YES;
				CLANG_WARN_OBJC_ROOT_CLASS = YES_ERROR;
				CLANG_WARN_QUOTED_INCLUDE_IN_FRAMEWORK_HEADER = YES;
				CLANG_WARN_RANGE_LOOP_ANALYSIS = YES;
				CLANG_WARN_STRICT_PROTOTYPES = YES;
				CLANG_WARN_SUSPICIOUS_MOVE = YES;
				CLANG_WARN_UNGUARDED_AVAILABILITY = YES_AGGRESSIVE;
				CLANG_WARN_UNREACHABLE_CODE = YES;
				CLANG_WARN__DUPLICATE_METHOD_MATCH = YES;
				COPY_PHASE_STRIP = NO;
				DEBUG_INFORMATION_FORMAT = dwarf;
				ENABLE_STRICT_OBJC_MSGSEND = YES;
				ENABLE_TESTABILITY = YES;
				GCC_C_LANGUAGE_STANDARD = gnu11;
				GCC_DYNAMIC_NO_PIC = NO;
				GCC_NO_COMMON_BLOCKS = YES;
				GCC_OPTIMIZATION_LEVEL = 0;
				GCC_PREPROCESSOR_DEFINITIONS = (
					"DEBUG=1",
					"$(inherited)",
				);
				GCC_WARN_64_TO_32_BIT_CONVERSION = YES;
				GCC_WARN_ABOUT_RETURN_TYPE = YES_ERROR;
				GCC_WARN_UNDECLARED_SELECTOR = YES;
				GCC_WARN_UNINITIALIZED_AUTOS = YES_AGGRESSIVE;
				GCC_WARN_UNUSED_FUNCTION = YES;
				GCC_WARN_UNUSED_VARIABLE = YES;
				IPHONEOS_DEPLOYMENT_TARGET = 16.1;
				MTL_ENABLE_DEBUG_INFO = INCLUDE_SOURCE;
				MTL_FAST_MATH = YES;
				ONLY_ACTIVE_ARCH = YES;
				SDKROOT = iphoneos;
				SWIFT_ACTIVE_COMPILATION_CONDITIONS = DEBUG;
				SWIFT_OPTIMIZATION_LEVEL = "-Onone";
			};
			name = Debug;
		};
		65155CCF291D0B9A00E51A64 /* Release */ = {
			isa = XCBuildConfiguration;
			buildSettings = {
				ALWAYS_SEARCH_USER_PATHS = NO;
				CLANG_ANALYZER_NONNULL = YES;
				CLANG_ANALYZER_NUMBER_OBJECT_CONVERSION = YES_AGGRESSIVE;
				CLANG_CXX_LANGUAGE_STANDARD = "gnu++20";
				CLANG_ENABLE_MODULES = YES;
				CLANG_ENABLE_OBJC_ARC = YES;
				CLANG_ENABLE_OBJC_WEAK = YES;
				CLANG_WARN_BLOCK_CAPTURE_AUTORELEASING = YES;
				CLANG_WARN_BOOL_CONVERSION = YES;
				CLANG_WARN_COMMA = YES;
				CLANG_WARN_CONSTANT_CONVERSION = YES;
				CLANG_WARN_DEPRECATED_OBJC_IMPLEMENTATIONS = YES;
				CLANG_WARN_DIRECT_OBJC_ISA_USAGE = YES_ERROR;
				CLANG_WARN_DOCUMENTATION_COMMENTS = YES;
				CLANG_WARN_EMPTY_BODY = YES;
				CLANG_WARN_ENUM_CONVERSION = YES;
				CLANG_WARN_INFINITE_RECURSION = YES;
				CLANG_WARN_INT_CONVERSION = YES;
				CLANG_WARN_NON_LITERAL_NULL_CONVERSION = YES;
				CLANG_WARN_OBJC_IMPLICIT_RETAIN_SELF = YES;
				CLANG_WARN_OBJC_LITERAL_CONVERSION = YES;
				CLANG_WARN_OBJC_ROOT_CLASS = YES_ERROR;
				CLANG_WARN_QUOTED_INCLUDE_IN_FRAMEWORK_HEADER = YES;
				CLANG_WARN_RANGE_LOOP_ANALYSIS = YES;
				CLANG_WARN_STRICT_PROTOTYPES = YES;
				CLANG_WARN_SUSPICIOUS_MOVE = YES;
				CLANG_WARN_UNGUARDED_AVAILABILITY = YES_AGGRESSIVE;
				CLANG_WARN_UNREACHABLE_CODE = YES;
				CLANG_WARN__DUPLICATE_METHOD_MATCH = YES;
				COPY_PHASE_STRIP = NO;
				DEBUG_INFORMATION_FORMAT = "dwarf-with-dsym";
				ENABLE_NS_ASSERTIONS = NO;
				ENABLE_STRICT_OBJC_MSGSEND = YES;
				GCC_C_LANGUAGE_STANDARD = gnu11;
				GCC_NO_COMMON_BLOCKS = YES;
				GCC_WARN_64_TO_32_BIT_CONVERSION = YES;
				GCC_WARN_ABOUT_RETURN_TYPE = YES_ERROR;
				GCC_WARN_UNDECLARED_SELECTOR = YES;
				GCC_WARN_UNINITIALIZED_AUTOS = YES_AGGRESSIVE;
				GCC_WARN_UNUSED_FUNCTION = YES;
				GCC_WARN_UNUSED_VARIABLE = YES;
				IPHONEOS_DEPLOYMENT_TARGET = 16.1;
				MTL_ENABLE_DEBUG_INFO = NO;
				MTL_FAST_MATH = YES;
				SDKROOT = iphoneos;
				SWIFT_COMPILATION_MODE = wholemodule;
				SWIFT_OPTIMIZATION_LEVEL = "-O";
				VALIDATE_PRODUCT = YES;
			};
			name = Release;
		};
		65155CD1291D0B9A00E51A64 /* Debug */ = {
			isa = XCBuildConfiguration;
			buildSettings = {
				ASSETCATALOG_COMPILER_APPICON_NAME = AppIcon;
				ASSETCATALOG_COMPILER_GLOBAL_ACCENT_COLOR_NAME = AccentColor;
				CODE_SIGN_STYLE = Automatic;
				CURRENT_PROJECT_VERSION = 1;
				DEVELOPMENT_TEAM = XSJLPH4XDX;
				GENERATE_INFOPLIST_FILE = YES;
				INFOPLIST_FILE = GrandCentralDispach/App/Info.plist;
				INFOPLIST_KEY_UIApplicationSupportsIndirectInputEvents = YES;
				INFOPLIST_KEY_UILaunchStoryboardName = LaunchScreen;
				INFOPLIST_KEY_UISupportedInterfaceOrientations = UIInterfaceOrientationPortrait;
				INFOPLIST_KEY_UISupportedInterfaceOrientations_iPad = "UIInterfaceOrientationLandscapeLeft UIInterfaceOrientationLandscapeRight UIInterfaceOrientationPortrait UIInterfaceOrientationPortraitUpsideDown";
				LD_RUNPATH_SEARCH_PATHS = (
					"$(inherited)",
					"@executable_path/Frameworks",
				);
				MARKETING_VERSION = 1.0;
				PRODUCT_BUNDLE_IDENTIFIER = korobitsyn.GrandCentralDispach;
				PRODUCT_NAME = "$(TARGET_NAME)";
				SUPPORTED_PLATFORMS = "iphoneos iphonesimulator";
				SUPPORTS_MACCATALYST = NO;
				SUPPORTS_MAC_DESIGNED_FOR_IPHONE_IPAD = NO;
				SWIFT_EMIT_LOC_STRINGS = YES;
				SWIFT_VERSION = 5.0;
				TARGETED_DEVICE_FAMILY = 1;
			};
			name = Debug;
		};
		65155CD2291D0B9A00E51A64 /* Release */ = {
			isa = XCBuildConfiguration;
			buildSettings = {
				ASSETCATALOG_COMPILER_APPICON_NAME = AppIcon;
				ASSETCATALOG_COMPILER_GLOBAL_ACCENT_COLOR_NAME = AccentColor;
				CODE_SIGN_STYLE = Automatic;
				CURRENT_PROJECT_VERSION = 1;
				DEVELOPMENT_TEAM = XSJLPH4XDX;
				GENERATE_INFOPLIST_FILE = YES;
				INFOPLIST_FILE = GrandCentralDispach/App/Info.plist;
				INFOPLIST_KEY_UIApplicationSupportsIndirectInputEvents = YES;
				INFOPLIST_KEY_UILaunchStoryboardName = LaunchScreen;
				INFOPLIST_KEY_UISupportedInterfaceOrientations = UIInterfaceOrientationPortrait;
				INFOPLIST_KEY_UISupportedInterfaceOrientations_iPad = "UIInterfaceOrientationLandscapeLeft UIInterfaceOrientationLandscapeRight UIInterfaceOrientationPortrait UIInterfaceOrientationPortraitUpsideDown";
				LD_RUNPATH_SEARCH_PATHS = (
					"$(inherited)",
					"@executable_path/Frameworks",
				);
				MARKETING_VERSION = 1.0;
				PRODUCT_BUNDLE_IDENTIFIER = korobitsyn.GrandCentralDispach;
				PRODUCT_NAME = "$(TARGET_NAME)";
				SUPPORTED_PLATFORMS = "iphoneos iphonesimulator";
				SUPPORTS_MACCATALYST = NO;
				SUPPORTS_MAC_DESIGNED_FOR_IPHONE_IPAD = NO;
				SWIFT_EMIT_LOC_STRINGS = YES;
				SWIFT_VERSION = 5.0;
				TARGETED_DEVICE_FAMILY = 1;
			};
			name = Release;
		};
/* End XCBuildConfiguration section */

/* Begin XCConfigurationList section */
		65155CB7291D0B9900E51A64 /* Build configuration list for PBXProject "GrandCentralDispach" */ = {
			isa = XCConfigurationList;
			buildConfigurations = (
				65155CCE291D0B9A00E51A64 /* Debug */,
				65155CCF291D0B9A00E51A64 /* Release */,
			);
			defaultConfigurationIsVisible = 0;
			defaultConfigurationName = Release;
		};
		65155CD0291D0B9A00E51A64 /* Build configuration list for PBXNativeTarget "GrandCentralDispach" */ = {
			isa = XCConfigurationList;
			buildConfigurations = (
				65155CD1291D0B9A00E51A64 /* Debug */,
				65155CD2291D0B9A00E51A64 /* Release */,
			);
			defaultConfigurationIsVisible = 0;
			defaultConfigurationName = Release;
		};
/* End XCConfigurationList section */
	};
	rootObject = 65155CB4291D0B9900E51A64 /* Project object */;
}
